
Microsoft Visual Studio Solution File, Format Version 12.00
# Visual Studio 15
VisualStudioVersion = 15.0.28307.489
MinimumVisualStudioVersion = 10.0.40219.1
Project("{9A19103F-16F7-4668-BE54-9A1E7A4F7556}") = "MultimediaManagement.Dao", "MultimediaManagement.Dao\MultimediaManagement.Dao.csproj", "{2882C9FD-70A0-46BA-BBE2-1721679EF9C5}"
EndProject
Project("{9A19103F-16F7-4668-BE54-9A1E7A4F7556}") = "MultimediaManagement.Web", "MultimediaManagement.Web\MultimediaManagement.Web.csproj", "{2CF201F7-B269-45F8-99B2-4884EF839D56}"
	ProjectSection(ProjectDependencies) = postProject
		{7E65F844-DA91-41C1-BC68-32FB43DE38E7} = {7E65F844-DA91-41C1-BC68-32FB43DE38E7}
		{2882C9FD-70A0-46BA-BBE2-1721679EF9C5} = {2882C9FD-70A0-46BA-BBE2-1721679EF9C5}
	EndProjectSection
EndProject
Project("{9A19103F-16F7-4668-BE54-9A1E7A4F7556}") = "MultimediaManagement.Services", "MultimediaManagement.Services\MultimediaManagement.Services.csproj", "{7E65F844-DA91-41C1-BC68-32FB43DE38E7}"
EndProject
Project("{FAE04EC0-301F-11D3-BF4B-00C04F79EFBC}") = "MultimediaManagement.Controllers", "MultimediaManagement.Controllers\MultimediaManagement.Controllers.csproj", "{D7EF5CF2-DBD0-432D-AA15-750E103B1737}"
EndProject
Global
	GlobalSection(SolutionConfigurationPlatforms) = preSolution
		Debug|Any CPU = Debug|Any CPU
		Release|Any CPU = Release|Any CPU
	EndGlobalSection
	GlobalSection(ProjectConfigurationPlatforms) = postSolution
		{2882C9FD-70A0-46BA-BBE2-1721679EF9C5}.Debug|Any CPU.ActiveCfg = Debug|Any CPU
		{2882C9FD-70A0-46BA-BBE2-1721679EF9C5}.Debug|Any CPU.Build.0 = Debug|Any CPU
		{2882C9FD-70A0-46BA-BBE2-1721679EF9C5}.Release|Any CPU.ActiveCfg = Release|Any CPU
		{2882C9FD-70A0-46BA-BBE2-1721679EF9C5}.Release|Any CPU.Build.0 = Release|Any CPU
		{2CF201F7-B269-45F8-99B2-4884EF839D56}.Debug|Any CPU.ActiveCfg = Debug|Any CPU
		{2CF201F7-B269-45F8-99B2-4884EF839D56}.Debug|Any CPU.Build.0 = Debug|Any CPU
		{2CF201F7-B269-45F8-99B2-4884EF839D56}.Release|Any CPU.ActiveCfg = Release|Any CPU
		{2CF201F7-B269-45F8-99B2-4884EF839D56}.Release|Any CPU.Build.0 = Release|Any CPU
		{7E65F844-DA91-41C1-BC68-32FB43DE38E7}.Debug|Any CPU.ActiveCfg = Debug|Any CPU
		{7E65F844-DA91-41C1-BC68-32FB43DE38E7}.Debug|Any CPU.Build.0 = Debug|Any CPU
		{7E65F844-DA91-41C1-BC68-32FB43DE38E7}.Release|Any CPU.ActiveCfg = Release|Any CPU
		{7E65F844-DA91-41C1-BC68-32FB43DE38E7}.Release|Any CPU.Build.0 = Release|Any CPU
		{D7EF5CF2-DBD0-432D-AA15-750E103B1737}.Debug|Any CPU.ActiveCfg = Debug|Any CPU
		{D7EF5CF2-DBD0-432D-AA15-750E103B1737}.Debug|Any CPU.Build.0 = Debug|Any CPU
		{D7EF5CF2-DBD0-432D-AA15-750E103B1737}.Release|Any CPU.ActiveCfg = Release|Any CPU
		{D7EF5CF2-DBD0-432D-AA15-750E103B1737}.Release|Any CPU.Build.0 = Release|Any CPU
	EndGlobalSection
	GlobalSection(SolutionProperties) = preSolution
		HideSolutionNode = FALSE
	EndGlobalSection
	GlobalSection(ExtensibilityGlobals) = postSolution
		SolutionGuid = {40E81BBF-EC21-426C-9D69-2F16CFF6E6BF}
	EndGlobalSection
EndGlobal
